github.com/gorilla/websocket v1.5.3 h1:saDtZ6Pbx/0u+bgYQ3q96pZgCzfhKXGPqt7kZ72aNNg=
github.com/gorilla/websocket v1.5.3/go.mod h1:YR8l580nyteQvAITg2hZ9XVh4b55+EU/adAjf1fMHhE=
github.com/robinson/gos7 v0.0.0-20241205073040-7ea1d6fb9d20 h1:HjGiMRQ3pKwKH3p0mmLtY62bwd973txhzV9FfpdGo7U=
github.com/robinson/gos7 v0.0.0-20241205073040-7ea1d6fb9d20/go.mod h1:AMHIeh1KJ7Xa2RVOMHdv9jXKrpw0D4EWGGQMHLb2doc=
